// !$*UTF8*$!
{
	archiveVersion = 1;
	classes = {
	};
	objectVersion = 51;
	objects = {

/* Begin PBXBuildFile section */
		3124057E2716EEE20056C1F6 /* CustomSideMenuViewController.swift in Sources */ = {isa = PBXBuildFile; fileRef = 3124057D2716EEE20056C1F6 /* CustomSideMenuViewController.swift */; };
		3141F0D62678965300E14EDF /* ToDoViewController.swift in Sources */ = {isa = PBXBuildFile; fileRef = 3146791E266B6203008AEC4D /* ToDoViewController.swift */; };
		3141F0D92678965F00E14EDF /* DateFormat.swift in Sources */ = {isa = PBXBuildFile; fileRef = 3141F0CF267874F000E14EDF /* DateFormat.swift */; };
		3146790A266B6118008AEC4D /* AppDelegate.swift in Sources */ = {isa = PBXBuildFile; fileRef = 31467909266B6118008AEC4D /* AppDelegate.swift */; };
		3146790C266B6118008AEC4D /* SceneDelegate.swift in Sources */ = {isa = PBXBuildFile; fileRef = 3146790B266B6118008AEC4D /* SceneDelegate.swift */; };
		31467911266B6118008AEC4D /* Main.storyboard in Resources */ = {isa = PBXBuildFile; fileRef = 3146790F266B6118008AEC4D /* Main.storyboard */; };
		31467913266B611B008AEC4D /* Assets.xcassets in Resources */ = {isa = PBXBuildFile; fileRef = 31467912266B611B008AEC4D /* Assets.xcassets */; };
		31467916266B611B008AEC4D /* LaunchScreen.storyboard in Resources */ = {isa = PBXBuildFile; fileRef = 31467914266B611B008AEC4D /* LaunchScreen.storyboard */; };
		31795344271D96BF00EA6034 /* OpenSourceViewController.swift in Sources */ = {isa = PBXBuildFile; fileRef = 31795343271D96BF00EA6034 /* OpenSourceViewController.swift */; };
		31806387273AA53B0058C886 /* CustomCalendar.swift in Sources */ = {isa = PBXBuildFile; fileRef = 31806386273AA53B0058C886 /* CustomCalendar.swift */; };
		318136EB2768896700DD94C6 /* GmarketSansTTFLight.ttf in Resources */ = {isa = PBXBuildFile; fileRef = 318136EA2768896700DD94C6 /* GmarketSansTTFLight.ttf */; };
		318136ED2768896A00DD94C6 /* GmarketSansTTFMedium.ttf in Resources */ = {isa = PBXBuildFile; fileRef = 318136EC2768896A00DD94C6 /* GmarketSansTTFMedium.ttf */; };
		3184B78A279848C0002D0E07 /* AccountViewController.swift in Sources */ = {isa = PBXBuildFile; fileRef = 3184B789279848C0002D0E07 /* AccountViewController.swift */; };
		3185DE272787EC7000F5EB91 /* GoogleService-Info.plist in Resources */ = {isa = PBXBuildFile; fileRef = 3185DE262787EC7000F5EB91 /* GoogleService-Info.plist */; };
		31867C6F2714815E007C6F58 /* Notifications.swift in Sources */ = {isa = PBXBuildFile; fileRef = 31867C6E2714815E007C6F58 /* Notifications.swift */; };
		318729092774B70A007D438C /* ToDoViewModel.swift in Sources */ = {isa = PBXBuildFile; fileRef = 318729082774B70A007D438C /* ToDoViewModel.swift */; };
		3187290B2774B85A007D438C /* HabitViewModel.swift in Sources */ = {isa = PBXBuildFile; fileRef = 3187290A2774B85A007D438C /* HabitViewModel.swift */; };
		3187290D2774BB23007D438C /* SettingsViewModel.swift in Sources */ = {isa = PBXBuildFile; fileRef = 3187290C2774BB23007D438C /* SettingsViewModel.swift */; };
		3188ACA62671E61E003239CC /* AddToDoViewController.swift in Sources */ = {isa = PBXBuildFile; fileRef = 31467922266BBABD008AEC4D /* AddToDoViewController.swift */; };
		3189A0132792AB59007B24B6 /* Account.swift in Sources */ = {isa = PBXBuildFile; fileRef = 3189A0122792AB59007B24B6 /* Account.swift */; };
		3189A0152792ACB2007B24B6 /* AccountViewModel.swift in Sources */ = {isa = PBXBuildFile; fileRef = 3189A0142792ACB2007B24B6 /* AccountViewModel.swift */; };
		319657FF274E2543009B4618 /* Settings.swift in Sources */ = {isa = PBXBuildFile; fileRef = 319657FE274E2543009B4618 /* Settings.swift */; };
		3199943826DF606000F4DD5D /* HabitViewController.swift in Sources */ = {isa = PBXBuildFile; fileRef = 3199943726DF606000F4DD5D /* HabitViewController.swift */; };
		3199943A26DF658700F4DD5D /* AddHabitViewController.swift in Sources */ = {isa = PBXBuildFile; fileRef = 3199943926DF658700F4DD5D /* AddHabitViewController.swift */; };
		3199943C26DF65C400F4DD5D /* Habit.swift in Sources */ = {isa = PBXBuildFile; fileRef = 3199943B26DF65C400F4DD5D /* Habit.swift */; };
		319DEF56267705C200299580 /* PageViewController.swift in Sources */ = {isa = PBXBuildFile; fileRef = 319DEF55267705C200299580 /* PageViewController.swift */; };
		319DEF5C26770F4200299580 /* CalendarViewController.swift in Sources */ = {isa = PBXBuildFile; fileRef = 319DEF5B26770F4200299580 /* CalendarViewController.swift */; };
		319DEF6126775F8100299580 /* ToDo.swift in Sources */ = {isa = PBXBuildFile; fileRef = 319DEF6026775F8100299580 /* ToDo.swift */; };
		319DEF65267782A200299580 /* Storage.swift in Sources */ = {isa = PBXBuildFile; fileRef = 319DEF64267782A200299580 /* Storage.swift */; };
		31A132F42716B88D004C6ACC /* SideMenuViewController.swift in Sources */ = {isa = PBXBuildFile; fileRef = 31A132F32716B88D004C6ACC /* SideMenuViewController.swift */; };
		31B4E2A727773D3200445331 /* Observable.swift in Sources */ = {isa = PBXBuildFile; fileRef = 31B4E2A627773D3200445331 /* Observable.swift */; };
		31B7D8F227BF5F6300E2EC15 /* EmailAuthViewController.swift in Sources */ = {isa = PBXBuildFile; fileRef = 31B7D8F127BF5F6300E2EC15 /* EmailAuthViewController.swift */; };
		31B9453F27BE4055007FA566 /* SetProfileViewController.swift in Sources */ = {isa = PBXBuildFile; fileRef = 31B9453E27BE4055007FA566 /* SetProfileViewController.swift */; };
		31C37CFE278FAD3200D8FBB8 /* Firebase.swift in Sources */ = {isa = PBXBuildFile; fileRef = 31C37CFD278FAD3200D8FBB8 /* Firebase.swift */; };
		31C37D0227900B1E00D8FBB8 /* LogInViewController.swift in Sources */ = {isa = PBXBuildFile; fileRef = 31C37D0127900B1E00D8FBB8 /* LogInViewController.swift */; };
		31F58501271D6D8600DD89A1 /* SettingViewController.swift in Sources */ = {isa = PBXBuildFile; fileRef = 31F58500271D6D8600DD89A1 /* SettingViewController.swift */; };
		ACC189454E0F54C2FCE53B04 /* Pods_BikPik.framework in Frameworks */ = {isa = PBXBuildFile; fileRef = 16B409A4D7E305B7205E8A04 /* Pods_BikPik.framework */; };
/* End PBXBuildFile section */

/* Begin PBXFileReference section */
		16B409A4D7E305B7205E8A04 /* Pods_BikPik.framework */ = {isa = PBXFileReference; explicitFileType = wrapper.framework; includeInIndex = 0; path = Pods_BikPik.framework; sourceTree = BUILT_PRODUCTS_DIR; };
		1B4F49DA89A1131BF8FA848F /* Pods-BikPik.debug.xcconfig */ = {isa = PBXFileReference; includeInIndex = 1; lastKnownFileType = text.xcconfig; name = "Pods-BikPik.debug.xcconfig"; path = "Target Support Files/Pods-BikPik/Pods-BikPik.debug.xcconfig"; sourceTree = "<group>"; };
		3124057D2716EEE20056C1F6 /* CustomSideMenuViewController.swift */ = {isa = PBXFileReference; lastKnownFileType = sourcecode.swift; path = CustomSideMenuViewController.swift; sourceTree = "<group>"; };
		3141F0CF267874F000E14EDF /* DateFormat.swift */ = {isa = PBXFileReference; lastKnownFileType = sourcecode.swift; path = DateFormat.swift; sourceTree = "<group>"; usesTabs = 0; };
		31467906266B6118008AEC4D /* BikPik.app */ = {isa = PBXFileReference; explicitFileType = wrapper.application; includeInIndex = 0; path = BikPik.app; sourceTree = BUILT_PRODUCTS_DIR; };
		31467909266B6118008AEC4D /* AppDelegate.swift */ = {isa = PBXFileReference; lastKnownFileType = sourcecode.swift; path = AppDelegate.swift; sourceTree = "<group>"; };
		3146790B266B6118008AEC4D /* SceneDelegate.swift */ = {isa = PBXFileReference; lastKnownFileType = sourcecode.swift; path = SceneDelegate.swift; sourceTree = "<group>"; };
		31467910266B6118008AEC4D /* Base */ = {isa = PBXFileReference; lastKnownFileType = file.storyboard; name = Base; path = Base.lproj/Main.storyboard; sourceTree = "<group>"; };
		31467912266B611B008AEC4D /* Assets.xcassets */ = {isa = PBXFileReference; lastKnownFileType = folder.assetcatalog; path = Assets.xcassets; sourceTree = "<group>"; };
		31467915266B611B008AEC4D /* Base */ = {isa = PBXFileReference; lastKnownFileType = file.storyboard; name = Base; path = Base.lproj/LaunchScreen.storyboard; sourceTree = "<group>"; };
		31467917266B611B008AEC4D /* Info.plist */ = {isa = PBXFileReference; lastKnownFileType = text.plist.xml; path = Info.plist; sourceTree = "<group>"; };
		3146791E266B6203008AEC4D /* ToDoViewController.swift */ = {isa = PBXFileReference; lastKnownFileType = sourcecode.swift; path = ToDoViewController.swift; sourceTree = "<group>"; };
		31467922266BBABD008AEC4D /* AddToDoViewController.swift */ = {isa = PBXFileReference; lastKnownFileType = sourcecode.swift; path = AddToDoViewController.swift; sourceTree = "<group>"; };
		31795343271D96BF00EA6034 /* OpenSourceViewController.swift */ = {isa = PBXFileReference; lastKnownFileType = sourcecode.swift; path = OpenSourceViewController.swift; sourceTree = "<group>"; };
		31806386273AA53B0058C886 /* CustomCalendar.swift */ = {isa = PBXFileReference; lastKnownFileType = sourcecode.swift; path = CustomCalendar.swift; sourceTree = "<group>"; };
		318136EA2768896700DD94C6 /* GmarketSansTTFLight.ttf */ = {isa = PBXFileReference; lastKnownFileType = file; path = GmarketSansTTFLight.ttf; sourceTree = "<group>"; };
		318136EC2768896A00DD94C6 /* GmarketSansTTFMedium.ttf */ = {isa = PBXFileReference; lastKnownFileType = file; path = GmarketSansTTFMedium.ttf; sourceTree = "<group>"; };
		3184B789279848C0002D0E07 /* AccountViewController.swift */ = {isa = PBXFileReference; lastKnownFileType = sourcecode.swift; path = AccountViewController.swift; sourceTree = "<group>"; };
		3185DE262787EC7000F5EB91 /* GoogleService-Info.plist */ = {isa = PBXFileReference; fileEncoding = 4; lastKnownFileType = text.plist.xml; path = "GoogleService-Info.plist"; sourceTree = "<group>"; };
		31867C6E2714815E007C6F58 /* Notifications.swift */ = {isa = PBXFileReference; lastKnownFileType = sourcecode.swift; path = Notifications.swift; sourceTree = "<group>"; };
		318729082774B70A007D438C /* ToDoViewModel.swift */ = {isa = PBXFileReference; lastKnownFileType = sourcecode.swift; path = ToDoViewModel.swift; sourceTree = "<group>"; };
		3187290A2774B85A007D438C /* HabitViewModel.swift */ = {isa = PBXFileReference; lastKnownFileType = sourcecode.swift; path = HabitViewModel.swift; sourceTree = "<group>"; };
		3187290C2774BB23007D438C /* SettingsViewModel.swift */ = {isa = PBXFileReference; lastKnownFileType = sourcecode.swift; path = SettingsViewModel.swift; sourceTree = "<group>"; };
		3189A0122792AB59007B24B6 /* Account.swift */ = {isa = PBXFileReference; lastKnownFileType = sourcecode.swift; path = Account.swift; sourceTree = "<group>"; };
		3189A0142792ACB2007B24B6 /* AccountViewModel.swift */ = {isa = PBXFileReference; lastKnownFileType = sourcecode.swift; path = AccountViewModel.swift; sourceTree = "<group>"; };
		319657FE274E2543009B4618 /* Settings.swift */ = {isa = PBXFileReference; lastKnownFileType = sourcecode.swift; path = Settings.swift; sourceTree = "<group>"; };
		3199943726DF606000F4DD5D /* HabitViewController.swift */ = {isa = PBXFileReference; lastKnownFileType = sourcecode.swift; path = HabitViewController.swift; sourceTree = "<group>"; };
		3199943926DF658700F4DD5D /* AddHabitViewController.swift */ = {isa = PBXFileReference; lastKnownFileType = sourcecode.swift; path = AddHabitViewController.swift; sourceTree = "<group>"; };
		3199943B26DF65C400F4DD5D /* Habit.swift */ = {isa = PBXFileReference; lastKnownFileType = sourcecode.swift; path = Habit.swift; sourceTree = "<group>"; };
		319DEF55267705C200299580 /* PageViewController.swift */ = {isa = PBXFileReference; lastKnownFileType = sourcecode.swift; path = PageViewController.swift; sourceTree = "<group>"; };
		319DEF5B26770F4200299580 /* CalendarViewController.swift */ = {isa = PBXFileReference; lastKnownFileType = sourcecode.swift; path = CalendarViewController.swift; sourceTree = "<group>"; };
		319DEF6026775F8100299580 /* ToDo.swift */ = {isa = PBXFileReference; lastKnownFileType = sourcecode.swift; path = ToDo.swift; sourceTree = "<group>"; };
		319DEF64267782A200299580 /* Storage.swift */ = {isa = PBXFileReference; lastKnownFileType = sourcecode.swift; path = Storage.swift; sourceTree = "<group>"; };
		31A132F32716B88D004C6ACC /* SideMenuViewController.swift */ = {isa = PBXFileReference; lastKnownFileType = sourcecode.swift; path = SideMenuViewController.swift; sourceTree = "<group>"; };
		31B4E2A627773D3200445331 /* Observable.swift */ = {isa = PBXFileReference; lastKnownFileType = sourcecode.swift; path = Observable.swift; sourceTree = "<group>"; };
		31B7D8F127BF5F6300E2EC15 /* EmailAuthViewController.swift */ = {isa = PBXFileReference; lastKnownFileType = sourcecode.swift; path = EmailAuthViewController.swift; sourceTree = "<group>"; };
		31B9453E27BE4055007FA566 /* SetProfileViewController.swift */ = {isa = PBXFileReference; lastKnownFileType = sourcecode.swift; path = SetProfileViewController.swift; sourceTree = "<group>"; };
		31C37CFD278FAD3200D8FBB8 /* Firebase.swift */ = {isa = PBXFileReference; lastKnownFileType = sourcecode.swift; path = Firebase.swift; sourceTree = "<group>"; };
		31C37D0127900B1E00D8FBB8 /* LogInViewController.swift */ = {isa = PBXFileReference; lastKnownFileType = sourcecode.swift; path = LogInViewController.swift; sourceTree = "<group>"; };
		31F58500271D6D8600DD89A1 /* SettingViewController.swift */ = {isa = PBXFileReference; lastKnownFileType = sourcecode.swift; path = SettingViewController.swift; sourceTree = "<group>"; };
		AE1DE5914FF9628B3EAD1C39 /* Pods-BikPik.release.xcconfig */ = {isa = PBXFileReference; includeInIndex = 1; lastKnownFileType = text.xcconfig; name = "Pods-BikPik.release.xcconfig"; path = "Target Support Files/Pods-BikPik/Pods-BikPik.release.xcconfig"; sourceTree = "<group>"; };
/* End PBXFileReference section */

/* Begin PBXFrameworksBuildPhase section */
		31467903266B6118008AEC4D /* Frameworks */ = {
			isa = PBXFrameworksBuildPhase;
			buildActionMask = 2147483647;
			files = (
				ACC189454E0F54C2FCE53B04 /* Pods_BikPik.framework in Frameworks */,
			);
			runOnlyForDeploymentPostprocessing = 0;
		};
/* End PBXFrameworksBuildPhase section */

/* Begin PBXGroup section */
		314678FD266B6118008AEC4D = {
			isa = PBXGroup;
			children = (
				31467908266B6118008AEC4D /* BikPik */,
				31467907266B6118008AEC4D /* Products */,
				FB3CAAB88217B69111B5AA83 /* Pods */,
				43BCC6D8BFA70A29BFD2BEDE /* Frameworks */,
			);
			sourceTree = "<group>";
		};
		31467907266B6118008AEC4D /* Products */ = {
			isa = PBXGroup;
			children = (
				31467906266B6118008AEC4D /* BikPik.app */,
			);
			name = Products;
			sourceTree = "<group>";
		};
		31467908266B6118008AEC4D /* BikPik */ = {
			isa = PBXGroup;
			children = (
				318136EC2768896A00DD94C6 /* GmarketSansTTFMedium.ttf */,
				318136EA2768896700DD94C6 /* GmarketSansTTFLight.ttf */,
				31B4E2A527773BF700445331 /* Utilities */,
				318729062774B658007D438C /* Model */,
				318729072774B663007D438C /* View Model */,
				3187290E2774BBBD007D438C /* View */,
				317FBA5326E7740100A02091 /* View Controller */,
				31467909266B6118008AEC4D /* AppDelegate.swift */,
				3146790B266B6118008AEC4D /* SceneDelegate.swift */,
				3146790F266B6118008AEC4D /* Main.storyboard */,
				31467912266B611B008AEC4D /* Assets.xcassets */,
				31467914266B611B008AEC4D /* LaunchScreen.storyboard */,
				3185DE262787EC7000F5EB91 /* GoogleService-Info.plist */,
				31467917266B611B008AEC4D /* Info.plist */,
			);
			path = BikPik;
			sourceTree = "<group>";
		};
		317FBA5326E7740100A02091 /* View Controller */ = {
			isa = PBXGroup;
			children = (
				3184B789279848C0002D0E07 /* AccountViewController.swift */,
				3199943926DF658700F4DD5D /* AddHabitViewController.swift */,
				31467922266BBABD008AEC4D /* AddToDoViewController.swift */,
				319DEF5B26770F4200299580 /* CalendarViewController.swift */,
				3124057D2716EEE20056C1F6 /* CustomSideMenuViewController.swift */,
				3199943726DF606000F4DD5D /* HabitViewController.swift */,
				31C37D0127900B1E00D8FBB8 /* LogInViewController.swift */,
				31795343271D96BF00EA6034 /* OpenSourceViewController.swift */,
				319DEF55267705C200299580 /* PageViewController.swift */,
				31F58500271D6D8600DD89A1 /* SettingViewController.swift */,
				31A132F32716B88D004C6ACC /* SideMenuViewController.swift */,
				3146791E266B6203008AEC4D /* ToDoViewController.swift */,
				31B9453E27BE4055007FA566 /* SetProfileViewController.swift */,
				31B7D8F127BF5F6300E2EC15 /* EmailAuthViewController.swift */,
			);
			path = "View Controller";
			sourceTree = "<group>";
		};
		318729062774B658007D438C /* Model */ = {
			isa = PBXGroup;
			children = (
				319DEF6026775F8100299580 /* ToDo.swift */,
				3199943B26DF65C400F4DD5D /* Habit.swift */,
				319657FE274E2543009B4618 /* Settings.swift */,
				3189A0122792AB59007B24B6 /* Account.swift */,
			);
			path = Model;
			sourceTree = "<group>";
		};
		318729072774B663007D438C /* View Model */ = {
			isa = PBXGroup;
			children = (
				318729082774B70A007D438C /* ToDoViewModel.swift */,
				3187290A2774B85A007D438C /* HabitViewModel.swift */,
				3187290C2774BB23007D438C /* SettingsViewModel.swift */,
				3189A0142792ACB2007B24B6 /* AccountViewModel.swift */,
			);
			path = "View Model";
			sourceTree = "<group>";
		};
		3187290E2774BBBD007D438C /* View */ = {
			isa = PBXGroup;
			children = (
				31806386273AA53B0058C886 /* CustomCalendar.swift */,
			);
			path = View;
			sourceTree = "<group>";
		};
		31B4E2A527773BF700445331 /* Utilities */ = {
			isa = PBXGroup;
			children = (
				3141F0CF267874F000E14EDF /* DateFormat.swift */,
				319DEF64267782A200299580 /* Storage.swift */,
				31867C6E2714815E007C6F58 /* Notifications.swift */,
				31B4E2A627773D3200445331 /* Observable.swift */,
				31C37CFD278FAD3200D8FBB8 /* Firebase.swift */,
			);
			path = Utilities;
			sourceTree = "<group>";
		};
		43BCC6D8BFA70A29BFD2BEDE /* Frameworks */ = {
			isa = PBXGroup;
			children = (
				16B409A4D7E305B7205E8A04 /* Pods_BikPik.framework */,
			);
			name = Frameworks;
			sourceTree = "<group>";
		};
		FB3CAAB88217B69111B5AA83 /* Pods */ = {
			isa = PBXGroup;
			children = (
				1B4F49DA89A1131BF8FA848F /* Pods-BikPik.debug.xcconfig */,
				AE1DE5914FF9628B3EAD1C39 /* Pods-BikPik.release.xcconfig */,
			);
			path = Pods;
			sourceTree = "<group>";
		};
/* End PBXGroup section */

/* Begin PBXNativeTarget section */
		31467905266B6118008AEC4D /* BikPik */ = {
			isa = PBXNativeTarget;
			buildConfigurationList = 3146791A266B611B008AEC4D /* Build configuration list for PBXNativeTarget "BikPik" */;
			buildPhases = (
				4A4ED9C1B74F5EC5B452A18D /* [CP] Check Pods Manifest.lock */,
				31467902266B6118008AEC4D /* Sources */,
				31467903266B6118008AEC4D /* Frameworks */,
				31467904266B6118008AEC4D /* Resources */,
				1D3C18E3938E37D9B8AC331E /* [CP] Embed Pods Frameworks */,
			);
			buildRules = (
			);
			dependencies = (
			);
			name = BikPik;
			productName = BikPik;
			productReference = 31467906266B6118008AEC4D /* BikPik.app */;
			productType = "com.apple.product-type.application";
		};
/* End PBXNativeTarget section */

/* Begin PBXProject section */
		314678FE266B6118008AEC4D /* Project object */ = {
			isa = PBXProject;
			attributes = {
				LastSwiftUpdateCheck = 1230;
				LastUpgradeCheck = 1230;
				TargetAttributes = {
					31467905266B6118008AEC4D = {
						CreatedOnToolsVersion = 12.3;
					};
				};
			};
			buildConfigurationList = 31467901266B6118008AEC4D /* Build configuration list for PBXProject "BikPik" */;
			compatibilityVersion = "Xcode 9.3";
			developmentRegion = en;
			hasScannedForEncodings = 0;
			knownRegions = (
				en,
				Base,
			);
			mainGroup = 314678FD266B6118008AEC4D;
			productRefGroup = 31467907266B6118008AEC4D /* Products */;
			projectDirPath = "";
			projectRoot = "";
			targets = (
				31467905266B6118008AEC4D /* BikPik */,
			);
		};
/* End PBXProject section */

/* Begin PBXResourcesBuildPhase section */
		31467904266B6118008AEC4D /* Resources */ = {
			isa = PBXResourcesBuildPhase;
			buildActionMask = 2147483647;
			files = (
				31467916266B611B008AEC4D /* LaunchScreen.storyboard in Resources */,
				31467913266B611B008AEC4D /* Assets.xcassets in Resources */,
				31467911266B6118008AEC4D /* Main.storyboard in Resources */,
				318136EB2768896700DD94C6 /* GmarketSansTTFLight.ttf in Resources */,
				318136ED2768896A00DD94C6 /* GmarketSansTTFMedium.ttf in Resources */,
				3185DE272787EC7000F5EB91 /* GoogleService-Info.plist in Resources */,
			);
			runOnlyForDeploymentPostprocessing = 0;
		};
/* End PBXResourcesBuildPhase section */

/* Begin PBXShellScriptBuildPhase section */
		1D3C18E3938E37D9B8AC331E /* [CP] Embed Pods Frameworks */ = {
			isa = PBXShellScriptBuildPhase;
			buildActionMask = 2147483647;
			files = (
			);
			inputFileListPaths = (
				"${PODS_ROOT}/Target Support Files/Pods-BikPik/Pods-BikPik-frameworks-${CONFIGURATION}-input-files.xcfilelist",
			);
			name = "[CP] Embed Pods Frameworks";
			outputFileListPaths = (
				"${PODS_ROOT}/Target Support Files/Pods-BikPik/Pods-BikPik-frameworks-${CONFIGURATION}-output-files.xcfilelist",
			);
			runOnlyForDeploymentPostprocessing = 0;
			shellPath = /bin/sh;
			shellScript = "\"${PODS_ROOT}/Target Support Files/Pods-BikPik/Pods-BikPik-frameworks.sh\"\n";
			showEnvVarsInLog = 0;
		};
		4A4ED9C1B74F5EC5B452A18D /* [CP] Check Pods Manifest.lock */ = {
			isa = PBXShellScriptBuildPhase;
			buildActionMask = 2147483647;
			files = (
			);
			inputFileListPaths = (
			);
			inputPaths = (
				"${PODS_PODFILE_DIR_PATH}/Podfile.lock",
				"${PODS_ROOT}/Manifest.lock",
			);
			name = "[CP] Check Pods Manifest.lock";
			outputFileListPaths = (
			);
			outputPaths = (
				"$(DERIVED_FILE_DIR)/Pods-BikPik-checkManifestLockResult.txt",
			);
			runOnlyForDeploymentPostprocessing = 0;
			shellPath = /bin/sh;
			shellScript = "diff \"${PODS_PODFILE_DIR_PATH}/Podfile.lock\" \"${PODS_ROOT}/Manifest.lock\" > /dev/null\nif [ $? != 0 ] ; then\n    # print error to STDERR\n    echo \"error: The sandbox is not in sync with the Podfile.lock. Run 'pod install' or update your CocoaPods installation.\" >&2\n    exit 1\nfi\n# This output is used by Xcode 'outputs' to avoid re-running this script phase.\necho \"SUCCESS\" > \"${SCRIPT_OUTPUT_FILE_0}\"\n";
			showEnvVarsInLog = 0;
		};
/* End PBXShellScriptBuildPhase section */

/* Begin PBXSourcesBuildPhase section */
		31467902266B6118008AEC4D /* Sources */ = {
			isa = PBXSourcesBuildPhase;
			buildActionMask = 2147483647;
			files = (
				318729092774B70A007D438C /* ToDoViewModel.swift in Sources */,
				3189A0132792AB59007B24B6 /* Account.swift in Sources */,
				3184B78A279848C0002D0E07 /* AccountViewController.swift in Sources */,
				3188ACA62671E61E003239CC /* AddToDoViewController.swift in Sources */,
				3199943A26DF658700F4DD5D /* AddHabitViewController.swift in Sources */,
				319DEF6126775F8100299580 /* ToDo.swift in Sources */,
				31F58501271D6D8600DD89A1 /* SettingViewController.swift in Sources */,
				319DEF56267705C200299580 /* PageViewController.swift in Sources */,
				31B9453F27BE4055007FA566 /* SetProfileViewController.swift in Sources */,
				31A132F42716B88D004C6ACC /* SideMenuViewController.swift in Sources */,
				3146790A266B6118008AEC4D /* AppDelegate.swift in Sources */,
				31867C6F2714815E007C6F58 /* Notifications.swift in Sources */,
				3187290B2774B85A007D438C /* HabitViewModel.swift in Sources */,
				3141F0D62678965300E14EDF /* ToDoViewController.swift in Sources */,
				3199943C26DF65C400F4DD5D /* Habit.swift in Sources */,
				319DEF65267782A200299580 /* Storage.swift in Sources */,
				3124057E2716EEE20056C1F6 /* CustomSideMenuViewController.swift in Sources */,
				31795344271D96BF00EA6034 /* OpenSourceViewController.swift in Sources */,
				3146790C266B6118008AEC4D /* SceneDelegate.swift in Sources */,
				31806387273AA53B0058C886 /* CustomCalendar.swift in Sources */,
				3199943826DF606000F4DD5D /* HabitViewController.swift in Sources */,
				3189A0152792ACB2007B24B6 /* AccountViewModel.swift in Sources */,
				31C37CFE278FAD3200D8FBB8 /* Firebase.swift in Sources */,
				319DEF5C26770F4200299580 /* CalendarViewController.swift in Sources */,
				3187290D2774BB23007D438C /* SettingsViewModel.swift in Sources */,
				31B7D8F227BF5F6300E2EC15 /* EmailAuthViewController.swift in Sources */,
				3141F0D92678965F00E14EDF /* DateFormat.swift in Sources */,
				319657FF274E2543009B4618 /* Settings.swift in Sources */,
				31C37D0227900B1E00D8FBB8 /* LogInViewController.swift in Sources */,
				31B4E2A727773D3200445331 /* Observable.swift in Sources */,
			);
			runOnlyForDeploymentPostprocessing = 0;
		};
/* End PBXSourcesBuildPhase section */

/* Begin PBXVariantGroup section */
		3146790F266B6118008AEC4D /* Main.storyboard */ = {
			isa = PBXVariantGroup;
			children = (
				31467910266B6118008AEC4D /* Base */,
			);
			name = Main.storyboard;
			sourceTree = "<group>";
		};
		31467914266B611B008AEC4D /* LaunchScreen.storyboard */ = {
			isa = PBXVariantGroup;
			children = (
				31467915266B611B008AEC4D /* Base */,
			);
			name = LaunchScreen.storyboard;
			sourceTree = "<group>";
		};
/* End PBXVariantGroup section */

/* Begin XCBuildConfiguration section */
		31467918266B611B008AEC4D /* Debug */ = {
			isa = XCBuildConfiguration;
			buildSettings = {
				ALWAYS_SEARCH_USER_PATHS = NO;
				CLANG_ANALYZER_NONNULL = YES;
				CLANG_ANALYZER_NUMBER_OBJECT_CONVERSION = YES_AGGRESSIVE;
				CLANG_CXX_LANGUAGE_STANDARD = "gnu++14";
				CLANG_CXX_LIBRARY = "libc++";
				CLANG_ENABLE_MODULES = YES;
				CLANG_ENABLE_OBJC_ARC = YES;
				CLANG_ENABLE_OBJC_WEAK = YES;
				CLANG_WARN_BLOCK_CAPTURE_AUTORELEASING = YES;
				CLANG_WARN_BOOL_CONVERSION = YES;
				CLANG_WARN_COMMA = YES;
				CLANG_WARN_CONSTANT_CONVERSION = YES;
				CLANG_WARN_DEPRECATED_OBJC_IMPLEMENTATIONS = YES;
				CLANG_WARN_DIRECT_OBJC_ISA_USAGE = YES_ERROR;
				CLANG_WARN_DOCUMENTATION_COMMENTS = YES;
				CLANG_WARN_EMPTY_BODY = YES;
				CLANG_WARN_ENUM_CONVERSION = YES;
				CLANG_WARN_INFINITE_RECURSION = YES;
				CLANG_WARN_INT_CONVERSION = YES;
				CLANG_WARN_NON_LITERAL_NULL_CONVERSION = YES;
				CLANG_WARN_OBJC_IMPLICIT_RETAIN_SELF = YES;
				CLANG_WARN_OBJC_LITERAL_CONVERSION = YES;
				CLANG_WARN_OBJC_ROOT_CLASS = YES_ERROR;
				CLANG_WARN_QUOTED_INCLUDE_IN_FRAMEWORK_HEADER = YES;
				CLANG_WARN_RANGE_LOOP_ANALYSIS = YES;
				CLANG_WARN_STRICT_PROTOTYPES = YES;
				CLANG_WARN_SUSPICIOUS_MOVE = YES;
				CLANG_WARN_UNGUARDED_AVAILABILITY = YES_AGGRESSIVE;
				CLANG_WARN_UNREACHABLE_CODE = YES;
				CLANG_WARN__DUPLICATE_METHOD_MATCH = YES;
				COPY_PHASE_STRIP = NO;
				DEBUG_INFORMATION_FORMAT = dwarf;
				ENABLE_STRICT_OBJC_MSGSEND = YES;
				ENABLE_TESTABILITY = YES;
				GCC_C_LANGUAGE_STANDARD = gnu11;
				GCC_DYNAMIC_NO_PIC = NO;
				GCC_NO_COMMON_BLOCKS = YES;
				GCC_OPTIMIZATION_LEVEL = 0;
				GCC_PREPROCESSOR_DEFINITIONS = (
					"DEBUG=1",
					"$(inherited)",
				);
				GCC_WARN_64_TO_32_BIT_CONVERSION = YES;
				GCC_WARN_ABOUT_RETURN_TYPE = YES_ERROR;
				GCC_WARN_UNDECLARED_SELECTOR = YES;
				GCC_WARN_UNINITIALIZED_AUTOS = YES_AGGRESSIVE;
				GCC_WARN_UNUSED_FUNCTION = YES;
				GCC_WARN_UNUSED_VARIABLE = YES;
				IPHONEOS_DEPLOYMENT_TARGET = 14.3;
				MTL_ENABLE_DEBUG_INFO = INCLUDE_SOURCE;
				MTL_FAST_MATH = YES;
				ONLY_ACTIVE_ARCH = YES;
				SDKROOT = iphoneos;
				SWIFT_ACTIVE_COMPILATION_CONDITIONS = DEBUG;
				SWIFT_OPTIMIZATION_LEVEL = "-Onone";
			};
			name = Debug;
		};
		31467919266B611B008AEC4D /* Release */ = {
			isa = XCBuildConfiguration;
			buildSettings = {
				ALWAYS_SEARCH_USER_PATHS = NO;
				CLANG_ANALYZER_NONNULL = YES;
				CLANG_ANALYZER_NUMBER_OBJECT_CONVERSION = YES_AGGRESSIVE;
				CLANG_CXX_LANGUAGE_STANDARD = "gnu++14";
				CLANG_CXX_LIBRARY = "libc++";
				CLANG_ENABLE_MODULES = YES;
				CLANG_ENABLE_OBJC_ARC = YES;
				CLANG_ENABLE_OBJC_WEAK = YES;
				CLANG_WARN_BLOCK_CAPTURE_AUTORELEASING = YES;
				CLANG_WARN_BOOL_CONVERSION = YES;
				CLANG_WARN_COMMA = YES;
				CLANG_WARN_CONSTANT_CONVERSION = YES;
				CLANG_WARN_DEPRECATED_OBJC_IMPLEMENTATIONS = YES;
				CLANG_WARN_DIRECT_OBJC_ISA_USAGE = YES_ERROR;
				CLANG_WARN_DOCUMENTATION_COMMENTS = YES;
				CLANG_WARN_EMPTY_BODY = YES;
				CLANG_WARN_ENUM_CONVERSION = YES;
				CLANG_WARN_INFINITE_RECURSION = YES;
				CLANG_WARN_INT_CONVERSION = YES;
				CLANG_WARN_NON_LITERAL_NULL_CONVERSION = YES;
				CLANG_WARN_OBJC_IMPLICIT_RETAIN_SELF = YES;
				CLANG_WARN_OBJC_LITERAL_CONVERSION = YES;
				CLANG_WARN_OBJC_ROOT_CLASS = YES_ERROR;
				CLANG_WARN_QUOTED_INCLUDE_IN_FRAMEWORK_HEADER = YES;
				CLANG_WARN_RANGE_LOOP_ANALYSIS = YES;
				CLANG_WARN_STRICT_PROTOTYPES = YES;
				CLANG_WARN_SUSPICIOUS_MOVE = YES;
				CLANG_WARN_UNGUARDED_AVAILABILITY = YES_AGGRESSIVE;
				CLANG_WARN_UNREACHABLE_CODE = YES;
				CLANG_WARN__DUPLICATE_METHOD_MATCH = YES;
				COPY_PHASE_STRIP = NO;
				DEBUG_INFORMATION_FORMAT = "dwarf-with-dsym";
				ENABLE_NS_ASSERTIONS = NO;
				ENABLE_STRICT_OBJC_MSGSEND = YES;
				GCC_C_LANGUAGE_STANDARD = gnu11;
				GCC_NO_COMMON_BLOCKS = YES;
				GCC_WARN_64_TO_32_BIT_CONVERSION = YES;
				GCC_WARN_ABOUT_RETURN_TYPE = YES_ERROR;
				GCC_WARN_UNDECLARED_SELECTOR = YES;
				GCC_WARN_UNINITIALIZED_AUTOS = YES_AGGRESSIVE;
				GCC_WARN_UNUSED_FUNCTION = YES;
				GCC_WARN_UNUSED_VARIABLE = YES;
				IPHONEOS_DEPLOYMENT_TARGET = 14.3;
				MTL_ENABLE_DEBUG_INFO = NO;
				MTL_FAST_MATH = YES;
				SDKROOT = iphoneos;
				SWIFT_COMPILATION_MODE = wholemodule;
				SWIFT_OPTIMIZATION_LEVEL = "-O";
				VALIDATE_PRODUCT = YES;
			};
			name = Release;
		};
		3146791B266B611B008AEC4D /* Debug */ = {
			isa = XCBuildConfiguration;
			baseConfigurationReference = 1B4F49DA89A1131BF8FA848F /* Pods-BikPik.debug.xcconfig */;
			buildSettings = {
				ASSETCATALOG_COMPILER_APPICON_NAME = AppIcon;
				ASSETCATALOG_COMPILER_GLOBAL_ACCENT_COLOR_NAME = AccentColor;
				CODE_SIGN_STYLE = Automatic;
				DEVELOPMENT_TEAM = B9246LVN4T;
				INFOPLIST_FILE = BikPik/Info.plist;
				LD_RUNPATH_SEARCH_PATHS = (
					"$(inherited)",
					"@executable_path/Frameworks",
				);
				PRODUCT_BUNDLE_IDENTIFIER = com.AtenB.BikPik;
				PRODUCT_NAME = "$(TARGET_NAME)";
				SWIFT_VERSION = 5.0;
				TARGETED_DEVICE_FAMILY = "1,2";
			};
			name = Debug;
		};
		3146791C266B611B008AEC4D /* Release */ = {
			isa = XCBuildConfiguration;
			baseConfigurationReference = AE1DE5914FF9628B3EAD1C39 /* Pods-BikPik.release.xcconfig */;
			buildSettings = {
				ASSETCATALOG_COMPILER_APPICON_NAME = AppIcon;
				ASSETCATALOG_COMPILER_GLOBAL_ACCENT_COLOR_NAME = AccentColor;
				CODE_SIGN_STYLE = Automatic;
				DEVELOPMENT_TEAM = B9246LVN4T;
				INFOPLIST_FILE = BikPik/Info.plist;
				LD_RUNPATH_SEARCH_PATHS = (
					"$(inherited)",
					"@executable_path/Frameworks",
				);
				PRODUCT_BUNDLE_IDENTIFIER = com.AtenB.BikPik;
				PRODUCT_NAME = "$(TARGET_NAME)";
				SWIFT_VERSION = 5.0;
				TARGETED_DEVICE_FAMILY = "1,2";
			};
			name = Release;
		};
/* End XCBuildConfiguration section */

/* Begin XCConfigurationList section */
		31467901266B6118008AEC4D /* Build configuration list for PBXProject "BikPik" */ = {
			isa = XCConfigurationList;
			buildConfigurations = (
				31467918266B611B008AEC4D /* Debug */,
				31467919266B611B008AEC4D /* Release */,
			);
			defaultConfigurationIsVisible = 0;
			defaultConfigurationName = Release;
		};
		3146791A266B611B008AEC4D /* Build configuration list for PBXNativeTarget "BikPik" */ = {
			isa = XCConfigurationList;
			buildConfigurations = (
				3146791B266B611B008AEC4D /* Debug */,
				3146791C266B611B008AEC4D /* Release */,
			);
			defaultConfigurationIsVisible = 0;
			defaultConfigurationName = Release;
		};
/* End XCConfigurationList section */
	};
	rootObject = 314678FE266B6118008AEC4D /* Project object */;
}
